
Microsoft Visual Studio Solution File, Format Version 12.00
Project("{FAE04EC0-301F-11D3-BF4B-00C04F79EFBC}") = "ConsoleApp10", "ConsoleApp10\ConsoleApp10.csproj", "{B112A4C8-5921-4838-99A9-560B7021A298}"
EndProject
Global
	GlobalSection(SolutionConfigurationPlatforms) = preSolution
		Debug|Any CPU = Debug|Any CPU
		Release|Any CPU = Release|Any CPU
	EndGlobalSection
	GlobalSection(ProjectConfigurationPlatforms) = postSolution
		{B112A4C8-5921-4838-99A9-560B7021A298}.Debug|Any CPU.ActiveCfg = Debug|Any CPU
		{B112A4C8-5921-4838-99A9-560B7021A298}.Debug|Any CPU.Build.0 = Debug|Any CPU
		{B112A4C8-5921-4838-99A9-560B7021A298}.Release|Any CPU.ActiveCfg = Release|Any CPU
		{B112A4C8-5921-4838-99A9-560B7021A298}.Release|Any CPU.Build.0 = Release|Any CPU
	EndGlobalSection
EndGlobal
